
Microsoft Visual Studio Solution File, Format Version 12.00
# Visual Studio Version 17
VisualStudioVersion = 17.0.31903.59
MinimumVisualStudioVersion = 10.0.40219.1
Project("{F2A71F9B-5D33-465A-A702-920D77279786}") = "Send", "Send\Send.fsproj", "{3C912E1C-6912-4DFD-8EA6-F9BF3E5D6D5E}"
EndProject
Project("{F2A71F9B-5D33-465A-A702-920D77279786}") = "Receive", "Receive\Receive.fsproj", "{FEF70BB3-5DDA-4B59-8089-D1844071003A}"
EndProject
Project("{F2A71F9B-5D33-465A-A702-920D77279786}") = "NewTask", "NewTask\NewTask.fsproj", "{BDF2E35B-844D-4B63-AA76-6AD9B25CB4B0}"
EndProject
Project("{F2A71F9B-5D33-465A-A702-920D77279786}") = "Worker", "Worker\Worker.fsproj", "{16C64A3D-26A5-4ECD-83A2-2F495BBBA73B}"
EndProject
Project("{F2A71F9B-5D33-465A-A702-920D77279786}") = "EmitLog", "EmitLog\EmitLog.fsproj", "{9D468C88-7CDD-48E7-A1A5-8B6BAA12ECD8}"
EndProject
Project("{F2A71F9B-5D33-465A-A702-920D77279786}") = "ReceiveLogs", "ReceiveLogs\ReceiveLogs.fsproj", "{F8AE9AB0-0D2A-46F2-A372-7829A5FCDB14}"
EndProject
Project("{F2A71F9B-5D33-465A-A702-920D77279786}") = "EmitLogDirect", "EmitLogDirect\EmitLogDirect.fsproj", "{D8DB04ED-7CBF-4FE9-8F42-8DFCC141CD41}"
EndProject
Project("{F2A71F9B-5D33-465A-A702-920D77279786}") = "ReceiveLogsDirect", "ReceiveLogsDirect\ReceiveLogsDirect.fsproj", "{4189C771-F65F-4F36-AABB-691EE68740BA}"
EndProject
Project("{F2A71F9B-5D33-465A-A702-920D77279786}") = "EmitLogTopic", "EmitLogTopic\EmitLogTopic.fsproj", "{94703505-35F2-41E7-9B8E-1B95B86026DB}"
EndProject
Project("{F2A71F9B-5D33-465A-A702-920D77279786}") = "ReceiveLogsTopic", "ReceiveLogsTopic\ReceiveLogsTopic.fsproj", "{348CA510-23B3-4EA1-8784-BA2ED7439AD2}"
EndProject
Project("{F2A71F9B-5D33-465A-A702-920D77279786}") = "RPCServer", "RPCServer\RPCServer.fsproj", "{35D047B2-1848-49C7-90FF-13562BF7C815}"
EndProject
Project("{F2A71F9B-5D33-465A-A702-920D77279786}") = "RPCClient", "RPCClient\RPCClient.fsproj", "{CEF9B3D9-A75B-4BFA-978A-318C0B2C0176}"
EndProject
Global
	GlobalSection(SolutionConfigurationPlatforms) = preSolution
		Debug|Any CPU = Debug|Any CPU
		Release|Any CPU = Release|Any CPU
	EndGlobalSection
	GlobalSection(SolutionProperties) = preSolution
		HideSolutionNode = FALSE
	EndGlobalSection
	GlobalSection(ProjectConfigurationPlatforms) = postSolution
		{3C912E1C-6912-4DFD-8EA6-F9BF3E5D6D5E}.Debug|Any CPU.ActiveCfg = Debug|Any CPU
		{3C912E1C-6912-4DFD-8EA6-F9BF3E5D6D5E}.Debug|Any CPU.Build.0 = Debug|Any CPU
		{3C912E1C-6912-4DFD-8EA6-F9BF3E5D6D5E}.Release|Any CPU.ActiveCfg = Release|Any CPU
		{3C912E1C-6912-4DFD-8EA6-F9BF3E5D6D5E}.Release|Any CPU.Build.0 = Release|Any CPU
		{FEF70BB3-5DDA-4B59-8089-D1844071003A}.Debug|Any CPU.ActiveCfg = Debug|Any CPU
		{FEF70BB3-5DDA-4B59-8089-D1844071003A}.Debug|Any CPU.Build.0 = Debug|Any CPU
		{FEF70BB3-5DDA-4B59-8089-D1844071003A}.Release|Any CPU.ActiveCfg = Release|Any CPU
		{FEF70BB3-5DDA-4B59-8089-D1844071003A}.Release|Any CPU.Build.0 = Release|Any CPU
		{BDF2E35B-844D-4B63-AA76-6AD9B25CB4B0}.Debug|Any CPU.ActiveCfg = Debug|Any CPU
		{BDF2E35B-844D-4B63-AA76-6AD9B25CB4B0}.Debug|Any CPU.Build.0 = Debug|Any CPU
		{BDF2E35B-844D-4B63-AA76-6AD9B25CB4B0}.Release|Any CPU.ActiveCfg = Release|Any CPU
		{BDF2E35B-844D-4B63-AA76-6AD9B25CB4B0}.Release|Any CPU.Build.0 = Release|Any CPU
		{16C64A3D-26A5-4ECD-83A2-2F495BBBA73B}.Debug|Any CPU.ActiveCfg = Debug|Any CPU
		{16C64A3D-26A5-4ECD-83A2-2F495BBBA73B}.Debug|Any CPU.Build.0 = Debug|Any CPU
		{16C64A3D-26A5-4ECD-83A2-2F495BBBA73B}.Release|Any CPU.ActiveCfg = Release|Any CPU
		{16C64A3D-26A5-4ECD-83A2-2F495BBBA73B}.Release|Any CPU.Build.0 = Release|Any CPU
		{9D468C88-7CDD-48E7-A1A5-8B6BAA12ECD8}.Debug|Any CPU.ActiveCfg = Debug|Any CPU
		{9D468C88-7CDD-48E7-A1A5-8B6BAA12ECD8}.Debug|Any CPU.Build.0 = Debug|Any CPU
		{9D468C88-7CDD-48E7-A1A5-8B6BAA12ECD8}.Release|Any CPU.ActiveCfg = Release|Any CPU
		{9D468C88-7CDD-48E7-A1A5-8B6BAA12ECD8}.Release|Any CPU.Build.0 = Release|Any CPU
		{F8AE9AB0-0D2A-46F2-A372-7829A5FCDB14}.Debug|Any CPU.ActiveCfg = Debug|Any CPU
		{F8AE9AB0-0D2A-46F2-A372-7829A5FCDB14}.Debug|Any CPU.Build.0 = Debug|Any CPU
		{F8AE9AB0-0D2A-46F2-A372-7829A5FCDB14}.Release|Any CPU.ActiveCfg = Release|Any CPU
		{F8AE9AB0-0D2A-46F2-A372-7829A5FCDB14}.Release|Any CPU.Build.0 = Release|Any CPU
		{D8DB04ED-7CBF-4FE9-8F42-8DFCC141CD41}.Debug|Any CPU.ActiveCfg = Debug|Any CPU
		{D8DB04ED-7CBF-4FE9-8F42-8DFCC141CD41}.Debug|Any CPU.Build.0 = Debug|Any CPU
		{D8DB04ED-7CBF-4FE9-8F42-8DFCC141CD41}.Release|Any CPU.ActiveCfg = Release|Any CPU
		{D8DB04ED-7CBF-4FE9-8F42-8DFCC141CD41}.Release|Any CPU.Build.0 = Release|Any CPU
		{4189C771-F65F-4F36-AABB-691EE68740BA}.Debug|Any CPU.ActiveCfg = Debug|Any CPU
		{4189C771-F65F-4F36-AABB-691EE68740BA}.Debug|Any CPU.Build.0 = Debug|Any CPU
		{4189C771-F65F-4F36-AABB-691EE68740BA}.Release|Any CPU.ActiveCfg = Release|Any CPU
		{4189C771-F65F-4F36-AABB-691EE68740BA}.Release|Any CPU.Build.0 = Release|Any CPU
		{94703505-35F2-41E7-9B8E-1B95B86026DB}.Debug|Any CPU.ActiveCfg = Debug|Any CPU
		{94703505-35F2-41E7-9B8E-1B95B86026DB}.Debug|Any CPU.Build.0 = Debug|Any CPU
		{94703505-35F2-41E7-9B8E-1B95B86026DB}.Release|Any CPU.ActiveCfg = Release|Any CPU
		{94703505-35F2-41E7-9B8E-1B95B86026DB}.Release|Any CPU.Build.0 = Release|Any CPU
		{348CA510-23B3-4EA1-8784-BA2ED7439AD2}.Debug|Any CPU.ActiveCfg = Debug|Any CPU
		{348CA510-23B3-4EA1-8784-BA2ED7439AD2}.Debug|Any CPU.Build.0 = Debug|Any CPU
		{348CA510-23B3-4EA1-8784-BA2ED7439AD2}.Release|Any CPU.ActiveCfg = Release|Any CPU
		{348CA510-23B3-4EA1-8784-BA2ED7439AD2}.Release|Any CPU.Build.0 = Release|Any CPU
		{35D047B2-1848-49C7-90FF-13562BF7C815}.Debug|Any CPU.ActiveCfg = Debug|Any CPU
		{35D047B2-1848-49C7-90FF-13562BF7C815}.Debug|Any CPU.Build.0 = Debug|Any CPU
		{35D047B2-1848-49C7-90FF-13562BF7C815}.Release|Any CPU.ActiveCfg = Release|Any CPU
		{35D047B2-1848-49C7-90FF-13562BF7C815}.Release|Any CPU.Build.0 = Release|Any CPU
		{CEF9B3D9-A75B-4BFA-978A-318C0B2C0176}.Debug|Any CPU.ActiveCfg = Debug|Any CPU
		{CEF9B3D9-A75B-4BFA-978A-318C0B2C0176}.Debug|Any CPU.Build.0 = Debug|Any CPU
		{CEF9B3D9-A75B-4BFA-978A-318C0B2C0176}.Release|Any CPU.ActiveCfg = Release|Any CPU
		{CEF9B3D9-A75B-4BFA-978A-318C0B2C0176}.Release|Any CPU.Build.0 = Release|Any CPU
	EndGlobalSection
EndGlobal
